
Microsoft Visual Studio Solution File, Format Version 12.00
# Visual Studio 14
VisualStudioVersion = 14.0.25420.1
MinimumVisualStudioVersion = 10.0.40219.1
Project("{FAE04EC0-301F-11D3-BF4B-00C04F79EFBC}") = "AdventureWorks.Client.Web", "AdventureWorks\AdventureWorks.Client.Web\AdventureWorks.Client.Web.csproj", "{4B784234-B032-4320-9FCD-650F02C42BF9}"
EndProject
Project("{FAE04EC0-301F-11D3-BF4B-00C04F79EFBC}") = "AdventureWorks.Client.Common", "AdventureWorks\AdventureWorks.Client.Common\AdventureWorks.Client.Common.csproj", "{D7A251D5-8779-4809-8AB8-1A5D25204EB6}"
EndProject
Project("{FAE04EC0-301F-11D3-BF4B-00C04F79EFBC}") = "AdventureWorks.Services.Entities", "AdventureWorks\AdventureWorks.Services.Entities\AdventureWorks.Services.Entities.csproj", "{19D256BC-F220-4DAA-8129-2C82B8F65142}"
EndProject
Project("{FAE04EC0-301F-11D3-BF4B-00C04F79EFBC}") = "AdventureWorks.Services.Common", "AdventureWorks\AdventureWorks.Services.Common\AdventureWorks.Services.Common.csproj", "{4D902CA4-C557-4A24-9856-6302420AF029}"
EndProject
Project("{952B131A-83A3-49CE-ACAC-E4BEBC86F246}") = "AdventureWorks.Model", "AdventureWorks\AdventureWorks.Model\AdventureWorks.Model.xomproj", "{208177EF-7199-4EC8-9151-F27CC77F9561}"
EndProject
Global
	GlobalSection(SolutionConfigurationPlatforms) = preSolution
		Debug|Any CPU = Debug|Any CPU
		Release|Any CPU = Release|Any CPU
	EndGlobalSection
	GlobalSection(ProjectConfigurationPlatforms) = postSolution
		{4B784234-B032-4320-9FCD-650F02C42BF9}.Debug|Any CPU.ActiveCfg = Debug|Any CPU
		{4B784234-B032-4320-9FCD-650F02C42BF9}.Debug|Any CPU.Build.0 = Debug|Any CPU
		{4B784234-B032-4320-9FCD-650F02C42BF9}.Release|Any CPU.ActiveCfg = Release|Any CPU
		{4B784234-B032-4320-9FCD-650F02C42BF9}.Release|Any CPU.Build.0 = Release|Any CPU
		{D7A251D5-8779-4809-8AB8-1A5D25204EB6}.Debug|Any CPU.ActiveCfg = Debug|Any CPU
		{D7A251D5-8779-4809-8AB8-1A5D25204EB6}.Debug|Any CPU.Build.0 = Debug|Any CPU
		{D7A251D5-8779-4809-8AB8-1A5D25204EB6}.Release|Any CPU.ActiveCfg = Release|Any CPU
		{D7A251D5-8779-4809-8AB8-1A5D25204EB6}.Release|Any CPU.Build.0 = Release|Any CPU
		{19D256BC-F220-4DAA-8129-2C82B8F65142}.Debug|Any CPU.ActiveCfg = Debug|Any CPU
		{19D256BC-F220-4DAA-8129-2C82B8F65142}.Debug|Any CPU.Build.0 = Debug|Any CPU
		{19D256BC-F220-4DAA-8129-2C82B8F65142}.Release|Any CPU.ActiveCfg = Release|Any CPU
		{19D256BC-F220-4DAA-8129-2C82B8F65142}.Release|Any CPU.Build.0 = Release|Any CPU
		{4D902CA4-C557-4A24-9856-6302420AF029}.Debug|Any CPU.ActiveCfg = Debug|Any CPU
		{4D902CA4-C557-4A24-9856-6302420AF029}.Debug|Any CPU.Build.0 = Debug|Any CPU
		{4D902CA4-C557-4A24-9856-6302420AF029}.Release|Any CPU.ActiveCfg = Release|Any CPU
		{4D902CA4-C557-4A24-9856-6302420AF029}.Release|Any CPU.Build.0 = Release|Any CPU
		{208177EF-7199-4EC8-9151-F27CC77F9561}.Debug|Any CPU.ActiveCfg = Debug|Any CPU
		{208177EF-7199-4EC8-9151-F27CC77F9561}.Release|Any CPU.ActiveCfg = Release|Any CPU
	EndGlobalSection
	GlobalSection(SolutionProperties) = preSolution
		HideSolutionNode = FALSE
	EndGlobalSection
EndGlobal
