
Microsoft Visual Studio Solution File, Format Version 12.00
# Visual Studio Version 17
VisualStudioVersion = 17.4.33213.308
MinimumVisualStudioVersion = 10.0.40219.1
Project("{9A19103F-16F7-4668-BE54-9A1E7A4F7556}") = "AdventureWorks.Client.Blazor.Common", "AdventureWorks.Client.Blazor.Common\AdventureWorks.Client.Blazor.Common.csproj", "{6CE43312-C34D-428E-A480-B4D370185EC1}"
EndProject
Project("{9A19103F-16F7-4668-BE54-9A1E7A4F7556}") = "AdventureWorks.Client.Blazor.Server", "AdventureWorks.Client.Blazor.Server\AdventureWorks.Client.Blazor.Server.csproj", "{3FA18DA8-FBEA-42DC-8475-53AA79085C40}"
EndProject
Project("{9A19103F-16F7-4668-BE54-9A1E7A4F7556}") = "AdventureWorks.Client.Common", "AdventureWorks.Client.Common\AdventureWorks.Client.Common.csproj", "{4A322D9F-FA71-4D26-BA0F-8B8CE68EECA7}"
EndProject
Project("{952B131A-83A3-49CE-ACAC-E4BEBC86F246}") = "AdventureWorks.Model", "AdventureWorks.Model\AdventureWorks.Model.xomproj", "{D2BB3394-BD9E-49D8-9F4B-89FF797DA4ED}"
EndProject
Project("{9A19103F-16F7-4668-BE54-9A1E7A4F7556}") = "AdventureWorks.Services.Common", "AdventureWorks.Services.Common\AdventureWorks.Services.Common.csproj", "{B8EA8D9E-3C12-499C-96D1-099C75AD89FA}"
EndProject
Project("{9A19103F-16F7-4668-BE54-9A1E7A4F7556}") = "AdventureWorks.Services.Entities", "AdventureWorks.Services.Entities\AdventureWorks.Services.Entities.csproj", "{4FFE8934-AE17-411E-AFDF-7DEDF0BFB3B1}"
EndProject
Project("{9A19103F-16F7-4668-BE54-9A1E7A4F7556}") = "Xomega.Framework.Blazor", "..\src\Xomega.Framework.Blazor\Xomega.Framework.Blazor.csproj", "{AF19E09B-D3DF-40CD-B2A6-38AE28F7257C}"
EndProject
Project("{9A19103F-16F7-4668-BE54-9A1E7A4F7556}") = "Xomega.Syncfusion.Blazor", "..\src\Xomega.Syncfusion.Blazor\Xomega.Syncfusion.Blazor.csproj", "{6D923388-4395-4F7C-8EA5-D600C34BFE55}"
EndProject
Project("{9A19103F-16F7-4668-BE54-9A1E7A4F7556}") = "Xomega.Framework", "..\src\Xomega.Framework\Xomega.Framework.csproj", "{ABFDFC3C-0778-4199-AA7D-8F313FBD0DF9}"
EndProject
Project("{2150E333-8FDC-42A3-9474-1A3956D46DE8}") = "Solution Items", "Solution Items", "{63411A7B-8D5E-48C7-9E43-78BF75D0D6E0}"
	ProjectSection(SolutionItems) = preProject
		README.md = README.md
	EndProjectSection
EndProject
Global
	GlobalSection(SolutionConfigurationPlatforms) = preSolution
		Debug|Any CPU = Debug|Any CPU
		Release|Any CPU = Release|Any CPU
	EndGlobalSection
	GlobalSection(ProjectConfigurationPlatforms) = postSolution
		{6CE43312-C34D-428E-A480-B4D370185EC1}.Debug|Any CPU.ActiveCfg = Debug|Any CPU
		{6CE43312-C34D-428E-A480-B4D370185EC1}.Debug|Any CPU.Build.0 = Debug|Any CPU
		{6CE43312-C34D-428E-A480-B4D370185EC1}.Release|Any CPU.ActiveCfg = Release|Any CPU
		{6CE43312-C34D-428E-A480-B4D370185EC1}.Release|Any CPU.Build.0 = Release|Any CPU
		{3FA18DA8-FBEA-42DC-8475-53AA79085C40}.Debug|Any CPU.ActiveCfg = Debug|Any CPU
		{3FA18DA8-FBEA-42DC-8475-53AA79085C40}.Debug|Any CPU.Build.0 = Debug|Any CPU
		{3FA18DA8-FBEA-42DC-8475-53AA79085C40}.Release|Any CPU.ActiveCfg = Release|Any CPU
		{3FA18DA8-FBEA-42DC-8475-53AA79085C40}.Release|Any CPU.Build.0 = Release|Any CPU
		{4A322D9F-FA71-4D26-BA0F-8B8CE68EECA7}.Debug|Any CPU.ActiveCfg = Debug|Any CPU
		{4A322D9F-FA71-4D26-BA0F-8B8CE68EECA7}.Debug|Any CPU.Build.0 = Debug|Any CPU
		{4A322D9F-FA71-4D26-BA0F-8B8CE68EECA7}.Release|Any CPU.ActiveCfg = Release|Any CPU
		{4A322D9F-FA71-4D26-BA0F-8B8CE68EECA7}.Release|Any CPU.Build.0 = Release|Any CPU
		{D2BB3394-BD9E-49D8-9F4B-89FF797DA4ED}.Debug|Any CPU.ActiveCfg = Debug|Any CPU
		{D2BB3394-BD9E-49D8-9F4B-89FF797DA4ED}.Release|Any CPU.ActiveCfg = Release|Any CPU
		{B8EA8D9E-3C12-499C-96D1-099C75AD89FA}.Debug|Any CPU.ActiveCfg = Debug|Any CPU
		{B8EA8D9E-3C12-499C-96D1-099C75AD89FA}.Debug|Any CPU.Build.0 = Debug|Any CPU
		{B8EA8D9E-3C12-499C-96D1-099C75AD89FA}.Release|Any CPU.ActiveCfg = Release|Any CPU
		{B8EA8D9E-3C12-499C-96D1-099C75AD89FA}.Release|Any CPU.Build.0 = Release|Any CPU
		{4FFE8934-AE17-411E-AFDF-7DEDF0BFB3B1}.Debug|Any CPU.ActiveCfg = Debug|Any CPU
		{4FFE8934-AE17-411E-AFDF-7DEDF0BFB3B1}.Debug|Any CPU.Build.0 = Debug|Any CPU
		{4FFE8934-AE17-411E-AFDF-7DEDF0BFB3B1}.Release|Any CPU.ActiveCfg = Release|Any CPU
		{4FFE8934-AE17-411E-AFDF-7DEDF0BFB3B1}.Release|Any CPU.Build.0 = Release|Any CPU
		{AF19E09B-D3DF-40CD-B2A6-38AE28F7257C}.Debug|Any CPU.ActiveCfg = Debug|Any CPU
		{AF19E09B-D3DF-40CD-B2A6-38AE28F7257C}.Debug|Any CPU.Build.0 = Debug|Any CPU
		{AF19E09B-D3DF-40CD-B2A6-38AE28F7257C}.Release|Any CPU.ActiveCfg = Release|Any CPU
		{AF19E09B-D3DF-40CD-B2A6-38AE28F7257C}.Release|Any CPU.Build.0 = Release|Any CPU
		{6D923388-4395-4F7C-8EA5-D600C34BFE55}.Debug|Any CPU.ActiveCfg = Debug|Any CPU
		{6D923388-4395-4F7C-8EA5-D600C34BFE55}.Debug|Any CPU.Build.0 = Debug|Any CPU
		{6D923388-4395-4F7C-8EA5-D600C34BFE55}.Release|Any CPU.ActiveCfg = Release|Any CPU
		{6D923388-4395-4F7C-8EA5-D600C34BFE55}.Release|Any CPU.Build.0 = Release|Any CPU
		{ABFDFC3C-0778-4199-AA7D-8F313FBD0DF9}.Debug|Any CPU.ActiveCfg = Debug|Any CPU
		{ABFDFC3C-0778-4199-AA7D-8F313FBD0DF9}.Debug|Any CPU.Build.0 = Debug|Any CPU
		{ABFDFC3C-0778-4199-AA7D-8F313FBD0DF9}.Release|Any CPU.ActiveCfg = Release|Any CPU
		{ABFDFC3C-0778-4199-AA7D-8F313FBD0DF9}.Release|Any CPU.Build.0 = Release|Any CPU
	EndGlobalSection
	GlobalSection(SolutionProperties) = preSolution
		HideSolutionNode = FALSE
	EndGlobalSection
	GlobalSection(ExtensibilityGlobals) = postSolution
		SolutionGuid = {3EAEC34B-98A2-4321-94DF-27A09789B555}
	EndGlobalSection
EndGlobal
