
Microsoft Visual Studio Solution File, Format Version 12.00
# Visual Studio Version 16
VisualStudioVersion = 16.0.29519.87
MinimumVisualStudioVersion = 10.0.40219.1
Project("{9A19103F-16F7-4668-BE54-9A1E7A4F7556}") = "Xomega.Framework", "Xomega.Framework\Xomega.Framework.csproj", "{C6722036-DE89-4433-A5C9-A8EB238728ED}"
EndProject
Project("{9A19103F-16F7-4668-BE54-9A1E7A4F7556}") = "Xomega.Framework.Web", "Xomega.Framework.Web\Xomega.Framework.Web.csproj", "{659E726A-5FB1-45DA-AD6D-834F4C2246C0}"
EndProject
Project("{9A19103F-16F7-4668-BE54-9A1E7A4F7556}") = "Xomega.Framework.Wcf", "Xomega.Framework.Wcf\Xomega.Framework.Wcf.csproj", "{36575741-C275-42D3-81E6-B2C4EEC49B7C}"
EndProject
Project("{9A19103F-16F7-4668-BE54-9A1E7A4F7556}") = "Xomega.Framework.Wpf", "Xomega.Framework.Wpf\Xomega.Framework.Wpf.csproj", "{58772851-E15B-4538-87CD-4744B3FB5F71}"
EndProject
Project("{9A19103F-16F7-4668-BE54-9A1E7A4F7556}") = "Xomega.Framework.Blazor", "Xomega.Framework.Blazor\Xomega.Framework.Blazor.csproj", "{E6D36D0A-0794-4A60-A33A-554D8BFD977C}"
EndProject
Global
	GlobalSection(SolutionConfigurationPlatforms) = preSolution
		Debug|Any CPU = Debug|Any CPU
		Debug-Net40|Any CPU = Debug-Net40|Any CPU
		Release|Any CPU = Release|Any CPU
	EndGlobalSection
	GlobalSection(ProjectConfigurationPlatforms) = postSolution
		{C6722036-DE89-4433-A5C9-A8EB238728ED}.Debug|Any CPU.ActiveCfg = Debug|Any CPU
		{C6722036-DE89-4433-A5C9-A8EB238728ED}.Debug|Any CPU.Build.0 = Debug|Any CPU
		{C6722036-DE89-4433-A5C9-A8EB238728ED}.Debug-Net40|Any CPU.ActiveCfg = Debug|Any CPU
		{C6722036-DE89-4433-A5C9-A8EB238728ED}.Debug-Net40|Any CPU.Build.0 = Debug|Any CPU
		{C6722036-DE89-4433-A5C9-A8EB238728ED}.Release|Any CPU.ActiveCfg = Release|Any CPU
		{C6722036-DE89-4433-A5C9-A8EB238728ED}.Release|Any CPU.Build.0 = Release|Any CPU
		{659E726A-5FB1-45DA-AD6D-834F4C2246C0}.Debug|Any CPU.ActiveCfg = Debug|Any CPU
		{659E726A-5FB1-45DA-AD6D-834F4C2246C0}.Debug|Any CPU.Build.0 = Debug|Any CPU
		{659E726A-5FB1-45DA-AD6D-834F4C2246C0}.Debug-Net40|Any CPU.ActiveCfg = Debug|Any CPU
		{659E726A-5FB1-45DA-AD6D-834F4C2246C0}.Debug-Net40|Any CPU.Build.0 = Debug|Any CPU
		{659E726A-5FB1-45DA-AD6D-834F4C2246C0}.Release|Any CPU.ActiveCfg = Release|Any CPU
		{659E726A-5FB1-45DA-AD6D-834F4C2246C0}.Release|Any CPU.Build.0 = Release|Any CPU
		{36575741-C275-42D3-81E6-B2C4EEC49B7C}.Debug|Any CPU.ActiveCfg = Debug|Any CPU
		{36575741-C275-42D3-81E6-B2C4EEC49B7C}.Debug|Any CPU.Build.0 = Debug|Any CPU
		{36575741-C275-42D3-81E6-B2C4EEC49B7C}.Debug-Net40|Any CPU.ActiveCfg = Debug|Any CPU
		{36575741-C275-42D3-81E6-B2C4EEC49B7C}.Debug-Net40|Any CPU.Build.0 = Debug|Any CPU
		{36575741-C275-42D3-81E6-B2C4EEC49B7C}.Release|Any CPU.ActiveCfg = Release|Any CPU
		{36575741-C275-42D3-81E6-B2C4EEC49B7C}.Release|Any CPU.Build.0 = Release|Any CPU
		{58772851-E15B-4538-87CD-4744B3FB5F71}.Debug|Any CPU.ActiveCfg = Debug|Any CPU
		{58772851-E15B-4538-87CD-4744B3FB5F71}.Debug|Any CPU.Build.0 = Debug|Any CPU
		{58772851-E15B-4538-87CD-4744B3FB5F71}.Debug-Net40|Any CPU.ActiveCfg = Debug|Any CPU
		{58772851-E15B-4538-87CD-4744B3FB5F71}.Debug-Net40|Any CPU.Build.0 = Debug|Any CPU
		{58772851-E15B-4538-87CD-4744B3FB5F71}.Release|Any CPU.ActiveCfg = Release|Any CPU
		{58772851-E15B-4538-87CD-4744B3FB5F71}.Release|Any CPU.Build.0 = Release|Any CPU
		{E6D36D0A-0794-4A60-A33A-554D8BFD977C}.Debug|Any CPU.ActiveCfg = Debug|Any CPU
		{E6D36D0A-0794-4A60-A33A-554D8BFD977C}.Debug|Any CPU.Build.0 = Debug|Any CPU
		{E6D36D0A-0794-4A60-A33A-554D8BFD977C}.Debug-Net40|Any CPU.ActiveCfg = Debug|Any CPU
		{E6D36D0A-0794-4A60-A33A-554D8BFD977C}.Debug-Net40|Any CPU.Build.0 = Debug|Any CPU
		{E6D36D0A-0794-4A60-A33A-554D8BFD977C}.Release|Any CPU.ActiveCfg = Release|Any CPU
		{E6D36D0A-0794-4A60-A33A-554D8BFD977C}.Release|Any CPU.Build.0 = Release|Any CPU
	EndGlobalSection
	GlobalSection(SolutionProperties) = preSolution
		HideSolutionNode = FALSE
	EndGlobalSection
	GlobalSection(ExtensibilityGlobals) = postSolution
		SolutionGuid = {DDF6EE91-C5F7-4A60-BB98-145B25CE060A}
	EndGlobalSection
EndGlobal
